
Microsoft Visual Studio Solution File, Format Version 11.00
# Visual Studio 2010
Project("{8BC9CEB8-8B4A-11D0-8D11-00A0C91BC942}") = "OSCeleton", "src\OSCeleton.vcxproj", "{380A9355-E839-4F55-98B1-B33D0CCA4340}"
EndProject
Project("{8BC9CEB8-8B4A-11D0-8D11-00A0C91BC942}") = "liblo", "liblo-0.26-modified\build\vs2008\liblo.vcxproj", "{FB8CF783-12C2-AD48-B0E9-DA7DF5EB719B}"
EndProject
Global
	GlobalSection(SolutionConfigurationPlatforms) = preSolution
		Debug|Mixed Platforms = Debug|Mixed Platforms
		Debug|Win32 = Debug|Win32
		Debug|x86 = Debug|x86
		DebugDLL|Mixed Platforms = DebugDLL|Mixed Platforms
		DebugDLL|Win32 = DebugDLL|Win32
		DebugDLL|x86 = DebugDLL|x86
		DebugLib|Mixed Platforms = DebugLib|Mixed Platforms
		DebugLib|Win32 = DebugLib|Win32
		DebugLib|x86 = DebugLib|x86
		Release|Mixed Platforms = Release|Mixed Platforms
		Release|Win32 = Release|Win32
		Release|x86 = Release|x86
		ReleaseDLL|Mixed Platforms = ReleaseDLL|Mixed Platforms
		ReleaseDLL|Win32 = ReleaseDLL|Win32
		ReleaseDLL|x86 = ReleaseDLL|x86
		ReleaseLib|Mixed Platforms = ReleaseLib|Mixed Platforms
		ReleaseLib|Win32 = ReleaseLib|Win32
		ReleaseLib|x86 = ReleaseLib|x86
	EndGlobalSection
	GlobalSection(ProjectConfigurationPlatforms) = postSolution
		{380A9355-E839-4F55-98B1-B33D0CCA4340}.Debug|Mixed Platforms.ActiveCfg = Debug|Win32
		{380A9355-E839-4F55-98B1-B33D0CCA4340}.Debug|Mixed Platforms.Build.0 = Debug|Win32
		{380A9355-E839-4F55-98B1-B33D0CCA4340}.Debug|Win32.ActiveCfg = Debug|Win32
		{380A9355-E839-4F55-98B1-B33D0CCA4340}.Debug|Win32.Build.0 = Debug|Win32
		{380A9355-E839-4F55-98B1-B33D0CCA4340}.Debug|x86.ActiveCfg = Debug|Win32
		{380A9355-E839-4F55-98B1-B33D0CCA4340}.Debug|x86.Build.0 = Debug|Win32
		{380A9355-E839-4F55-98B1-B33D0CCA4340}.DebugDLL|Mixed Platforms.ActiveCfg = Debug|Win32
		{380A9355-E839-4F55-98B1-B33D0CCA4340}.DebugDLL|Mixed Platforms.Build.0 = Debug|Win32
		{380A9355-E839-4F55-98B1-B33D0CCA4340}.DebugDLL|Win32.ActiveCfg = Debug|Win32
		{380A9355-E839-4F55-98B1-B33D0CCA4340}.DebugDLL|Win32.Build.0 = Debug|Win32
		{380A9355-E839-4F55-98B1-B33D0CCA4340}.DebugDLL|x86.ActiveCfg = Debug|Win32
		{380A9355-E839-4F55-98B1-B33D0CCA4340}.DebugLib|Mixed Platforms.ActiveCfg = Debug|Win32
		{380A9355-E839-4F55-98B1-B33D0CCA4340}.DebugLib|Mixed Platforms.Build.0 = Debug|Win32
		{380A9355-E839-4F55-98B1-B33D0CCA4340}.DebugLib|Win32.ActiveCfg = Debug|Win32
		{380A9355-E839-4F55-98B1-B33D0CCA4340}.DebugLib|Win32.Build.0 = Debug|Win32
		{380A9355-E839-4F55-98B1-B33D0CCA4340}.DebugLib|x86.ActiveCfg = Debug|Win32
		{380A9355-E839-4F55-98B1-B33D0CCA4340}.Release|Mixed Platforms.ActiveCfg = Release|Win32
		{380A9355-E839-4F55-98B1-B33D0CCA4340}.Release|Mixed Platforms.Build.0 = Release|Win32
		{380A9355-E839-4F55-98B1-B33D0CCA4340}.Release|Win32.ActiveCfg = Release|Win32
		{380A9355-E839-4F55-98B1-B33D0CCA4340}.Release|Win32.Build.0 = Release|Win32
		{380A9355-E839-4F55-98B1-B33D0CCA4340}.Release|x86.ActiveCfg = Release|Win32
		{380A9355-E839-4F55-98B1-B33D0CCA4340}.ReleaseDLL|Mixed Platforms.ActiveCfg = Release|Win32
		{380A9355-E839-4F55-98B1-B33D0CCA4340}.ReleaseDLL|Mixed Platforms.Build.0 = Release|Win32
		{380A9355-E839-4F55-98B1-B33D0CCA4340}.ReleaseDLL|Win32.ActiveCfg = Release|Win32
		{380A9355-E839-4F55-98B1-B33D0CCA4340}.ReleaseDLL|Win32.Build.0 = Release|Win32
		{380A9355-E839-4F55-98B1-B33D0CCA4340}.ReleaseDLL|x86.ActiveCfg = Release|Win32
		{380A9355-E839-4F55-98B1-B33D0CCA4340}.ReleaseLib|Mixed Platforms.ActiveCfg = Release|Win32
		{380A9355-E839-4F55-98B1-B33D0CCA4340}.ReleaseLib|Mixed Platforms.Build.0 = Release|Win32
		{380A9355-E839-4F55-98B1-B33D0CCA4340}.ReleaseLib|Win32.ActiveCfg = Release|Win32
		{380A9355-E839-4F55-98B1-B33D0CCA4340}.ReleaseLib|Win32.Build.0 = Release|Win32
		{380A9355-E839-4F55-98B1-B33D0CCA4340}.ReleaseLib|x86.ActiveCfg = Release|Win32
		{FB8CF783-12C2-AD48-B0E9-DA7DF5EB719B}.Debug|Mixed Platforms.ActiveCfg = DebugLib|Win32
		{FB8CF783-12C2-AD48-B0E9-DA7DF5EB719B}.Debug|Mixed Platforms.Build.0 = DebugLib|Win32
		{FB8CF783-12C2-AD48-B0E9-DA7DF5EB719B}.Debug|Win32.ActiveCfg = DebugLib|Win32
		{FB8CF783-12C2-AD48-B0E9-DA7DF5EB719B}.Debug|Win32.Build.0 = DebugLib|Win32
		{FB8CF783-12C2-AD48-B0E9-DA7DF5EB719B}.Debug|x86.ActiveCfg = DebugLib|Win32
		{FB8CF783-12C2-AD48-B0E9-DA7DF5EB719B}.Debug|x86.Build.0 = DebugLib|Win32
		{FB8CF783-12C2-AD48-B0E9-DA7DF5EB719B}.DebugDLL|Mixed Platforms.ActiveCfg = DebugDLL|Win32
		{FB8CF783-12C2-AD48-B0E9-DA7DF5EB719B}.DebugDLL|Mixed Platforms.Build.0 = DebugDLL|Win32
		{FB8CF783-12C2-AD48-B0E9-DA7DF5EB719B}.DebugDLL|Win32.ActiveCfg = DebugDLL|Win32
		{FB8CF783-12C2-AD48-B0E9-DA7DF5EB719B}.DebugDLL|Win32.Build.0 = DebugDLL|Win32
		{FB8CF783-12C2-AD48-B0E9-DA7DF5EB719B}.DebugDLL|x86.ActiveCfg = DebugDLL|Win32
		{FB8CF783-12C2-AD48-B0E9-DA7DF5EB719B}.DebugLib|Mixed Platforms.ActiveCfg = DebugLib|Win32
		{FB8CF783-12C2-AD48-B0E9-DA7DF5EB719B}.DebugLib|Mixed Platforms.Build.0 = DebugLib|Win32
		{FB8CF783-12C2-AD48-B0E9-DA7DF5EB719B}.DebugLib|Win32.ActiveCfg = DebugLib|Win32
		{FB8CF783-12C2-AD48-B0E9-DA7DF5EB719B}.DebugLib|Win32.Build.0 = DebugLib|Win32
		{FB8CF783-12C2-AD48-B0E9-DA7DF5EB719B}.DebugLib|x86.ActiveCfg = DebugLib|Win32
		{FB8CF783-12C2-AD48-B0E9-DA7DF5EB719B}.Release|Mixed Platforms.ActiveCfg = ReleaseLib|Win32
		{FB8CF783-12C2-AD48-B0E9-DA7DF5EB719B}.Release|Mixed Platforms.Build.0 = ReleaseLib|Win32
		{FB8CF783-12C2-AD48-B0E9-DA7DF5EB719B}.Release|Win32.ActiveCfg = ReleaseLib|Win32
		{FB8CF783-12C2-AD48-B0E9-DA7DF5EB719B}.Release|Win32.Build.0 = ReleaseLib|Win32
		{FB8CF783-12C2-AD48-B0E9-DA7DF5EB719B}.Release|x86.ActiveCfg = ReleaseLib|Win32
		{FB8CF783-12C2-AD48-B0E9-DA7DF5EB719B}.ReleaseDLL|Mixed Platforms.ActiveCfg = ReleaseDLL|Win32
		{FB8CF783-12C2-AD48-B0E9-DA7DF5EB719B}.ReleaseDLL|Mixed Platforms.Build.0 = ReleaseDLL|Win32
		{FB8CF783-12C2-AD48-B0E9-DA7DF5EB719B}.ReleaseDLL|Win32.ActiveCfg = ReleaseDLL|Win32
		{FB8CF783-12C2-AD48-B0E9-DA7DF5EB719B}.ReleaseDLL|Win32.Build.0 = ReleaseDLL|Win32
		{FB8CF783-12C2-AD48-B0E9-DA7DF5EB719B}.ReleaseDLL|x86.ActiveCfg = ReleaseDLL|Win32
		{FB8CF783-12C2-AD48-B0E9-DA7DF5EB719B}.ReleaseLib|Mixed Platforms.ActiveCfg = ReleaseLib|Win32
		{FB8CF783-12C2-AD48-B0E9-DA7DF5EB719B}.ReleaseLib|Mixed Platforms.Build.0 = ReleaseLib|Win32
		{FB8CF783-12C2-AD48-B0E9-DA7DF5EB719B}.ReleaseLib|Win32.ActiveCfg = ReleaseLib|Win32
		{FB8CF783-12C2-AD48-B0E9-DA7DF5EB719B}.ReleaseLib|Win32.Build.0 = ReleaseLib|Win32
		{FB8CF783-12C2-AD48-B0E9-DA7DF5EB719B}.ReleaseLib|x86.ActiveCfg = ReleaseLib|Win32
	EndGlobalSection
	GlobalSection(SolutionProperties) = preSolution
		HideSolutionNode = FALSE
	EndGlobalSection
EndGlobal
